
Microsoft Visual Studio Solution File, Format Version 12.00
# Visual Studio 15
VisualStudioVersion = 15.0.26730.15
MinimumVisualStudioVersion = 10.0.40219.1
Project("{2150E333-8FDC-42A3-9474-1A3956D46DE8}") = "src", "src", "{B922FA4B-1584-4EA7-8656-F9034FB45F9D}"
EndProject
Project("{2150E333-8FDC-42A3-9474-1A3956D46DE8}") = "Solution Items", "Solution Items", "{285A8931-C09A-482E-9EF3-D90AA616A0FD}"
	ProjectSection(SolutionItems) = preProject
		.gitattributes = .gitattributes
		.gitignore = .gitignore
		LICENSE = LICENSE
		README.md = README.md
		appveyor.yml = appveyor.yml
	EndProjectSection
EndProject
Project("{2150E333-8FDC-42A3-9474-1A3956D46DE8}") = "examples", "examples", "{9AD68A2D-2754-4B8B-8BEC-147998375292}"
EndProject
Project("{FAE04EC0-301F-11D3-BF4B-00C04F79EFBC}") = "Prometheus.Client.HttpRequestDurations", "src\Prometheus.Client.HttpRequestDurations\Prometheus.Client.HttpRequestDurations.csproj", "{C0984EB8-6DB2-4FA7-85E3-7BD1417EF31F}"
EndProject
Project("{FAE04EC0-301F-11D3-BF4B-00C04F79EFBC}") = "CoreWebApplication", "examples\CoreWebApplication\CoreWebApplication.csproj", "{AE3E56D9-07BE-4DC6-8149-04B4063B74F4}"
EndProject
Project("{2150E333-8FDC-42A3-9474-1A3956D46DE8}") = "scripts", "scripts", "{852492CB-7359-4A9F-B769-9CF468B4B9A5}"
ProjectSection(SolutionItems) = preProject
	pack.ps1 = pack.ps1
	build.ps1 = build.ps1
EndProjectSection
EndProject
Global
	GlobalSection(SolutionConfigurationPlatforms) = preSolution
		Debug|Any CPU = Debug|Any CPU
		Release|Any CPU = Release|Any CPU
	EndGlobalSection
	GlobalSection(ProjectConfigurationPlatforms) = postSolution
		{C0984EB8-6DB2-4FA7-85E3-7BD1417EF31F}.Debug|Any CPU.ActiveCfg = Debug|Any CPU
		{C0984EB8-6DB2-4FA7-85E3-7BD1417EF31F}.Debug|Any CPU.Build.0 = Debug|Any CPU
		{C0984EB8-6DB2-4FA7-85E3-7BD1417EF31F}.Release|Any CPU.ActiveCfg = Release|Any CPU
		{C0984EB8-6DB2-4FA7-85E3-7BD1417EF31F}.Release|Any CPU.Build.0 = Release|Any CPU
		{AE3E56D9-07BE-4DC6-8149-04B4063B74F4}.Debug|Any CPU.ActiveCfg = Debug|Any CPU
		{AE3E56D9-07BE-4DC6-8149-04B4063B74F4}.Debug|Any CPU.Build.0 = Debug|Any CPU
		{AE3E56D9-07BE-4DC6-8149-04B4063B74F4}.Release|Any CPU.ActiveCfg = Release|Any CPU
		{AE3E56D9-07BE-4DC6-8149-04B4063B74F4}.Release|Any CPU.Build.0 = Release|Any CPU
	EndGlobalSection
	GlobalSection(SolutionProperties) = preSolution
		HideSolutionNode = FALSE
	EndGlobalSection
	GlobalSection(NestedProjects) = preSolution
		{C0984EB8-6DB2-4FA7-85E3-7BD1417EF31F} = {B922FA4B-1584-4EA7-8656-F9034FB45F9D}
		{AE3E56D9-07BE-4DC6-8149-04B4063B74F4} = {9AD68A2D-2754-4B8B-8BEC-147998375292}
		{852492CB-7359-4A9F-B769-9CF468B4B9A5} = {285A8931-C09A-482E-9EF3-D90AA616A0FD}
	EndGlobalSection
	GlobalSection(ExtensibilityGlobals) = postSolution
		SolutionGuid = {122FC3C2-0B76-492D-98B6-0E610316031E}
	EndGlobalSection
EndGlobal
